
Microsoft Visual Studio Solution File, Format Version 12.00
# Visual Studio 14
VisualStudioVersion = 14.0.24720.0
MinimumVisualStudioVersion = 10.0.40219.1
Project("{FAE04EC0-301F-11D3-BF4B-00C04F79EFBC}") = "MatchupLib", "MatchupLib\MatchupLib.csproj", "{51CFEFAC-D147-4BE7-999A-233D80708753}"
EndProject
Project("{FAE04EC0-301F-11D3-BF4B-00C04F79EFBC}") = "MatchupWindows", "MatchupWindows\MatchupWindows.csproj", "{148EFD11-7B34-4AE6-873B-8DB1D0F657C9}"
EndProject
Project("{2150E333-8FDC-42A3-9474-1A3956D46DE8}") = "Solution Items", "Solution Items", "{B1484E24-BF4E-45AD-B95D-BD18E9EBB0D7}"
	ProjectSection(SolutionItems) = preProject
		Bugs-Features.txt = Bugs-Features.txt
	EndProjectSection
EndProject
Global
	GlobalSection(SolutionConfigurationPlatforms) = preSolution
		Debug|Any CPU = Debug|Any CPU
		Debug|x64 = Debug|x64
		Release|Any CPU = Release|Any CPU
		Release|x64 = Release|x64
	EndGlobalSection
	GlobalSection(ProjectConfigurationPlatforms) = postSolution
		{51CFEFAC-D147-4BE7-999A-233D80708753}.Debug|Any CPU.ActiveCfg = Debug|Any CPU
		{51CFEFAC-D147-4BE7-999A-233D80708753}.Debug|Any CPU.Build.0 = Debug|Any CPU
		{51CFEFAC-D147-4BE7-999A-233D80708753}.Debug|x64.ActiveCfg = Debug|x64
		{51CFEFAC-D147-4BE7-999A-233D80708753}.Debug|x64.Build.0 = Debug|x64
		{51CFEFAC-D147-4BE7-999A-233D80708753}.Release|Any CPU.ActiveCfg = Release|Any CPU
		{51CFEFAC-D147-4BE7-999A-233D80708753}.Release|Any CPU.Build.0 = Release|Any CPU
		{51CFEFAC-D147-4BE7-999A-233D80708753}.Release|x64.ActiveCfg = Release|x64
		{51CFEFAC-D147-4BE7-999A-233D80708753}.Release|x64.Build.0 = Release|x64
		{148EFD11-7B34-4AE6-873B-8DB1D0F657C9}.Debug|Any CPU.ActiveCfg = Debug|Any CPU
		{148EFD11-7B34-4AE6-873B-8DB1D0F657C9}.Debug|Any CPU.Build.0 = Debug|Any CPU
		{148EFD11-7B34-4AE6-873B-8DB1D0F657C9}.Debug|x64.ActiveCfg = Debug|x64
		{148EFD11-7B34-4AE6-873B-8DB1D0F657C9}.Debug|x64.Build.0 = Debug|x64
		{148EFD11-7B34-4AE6-873B-8DB1D0F657C9}.Release|Any CPU.ActiveCfg = Release|Any CPU
		{148EFD11-7B34-4AE6-873B-8DB1D0F657C9}.Release|Any CPU.Build.0 = Release|Any CPU
		{148EFD11-7B34-4AE6-873B-8DB1D0F657C9}.Release|x64.ActiveCfg = Release|x64
		{148EFD11-7B34-4AE6-873B-8DB1D0F657C9}.Release|x64.Build.0 = Release|x64
	EndGlobalSection
	GlobalSection(SolutionProperties) = preSolution
		HideSolutionNode = FALSE
	EndGlobalSection
EndGlobal
